
Microsoft Visual Studio Solution File, Format Version 12.00
# Visual Studio 15
VisualStudioVersion = 15.0.28307.757
MinimumVisualStudioVersion = 10.0.40219.1
Project("{FAE04EC0-301F-11D3-BF4B-00C04F79EFBC}") = "InterfaceTabuadaInfinita", "InterfaceTabuadaInfinita\InterfaceTabuadaInfinita.csproj", "{50CBAF13-F9CF-445D-9200-AC1EBF25541A}"
EndProject
Global
	GlobalSection(SolutionConfigurationPlatforms) = preSolution
		Debug|Any CPU = Debug|Any CPU
		Release|Any CPU = Release|Any CPU
	EndGlobalSection
	GlobalSection(ProjectConfigurationPlatforms) = postSolution
		{50CBAF13-F9CF-445D-9200-AC1EBF25541A}.Debug|Any CPU.ActiveCfg = Debug|Any CPU
		{50CBAF13-F9CF-445D-9200-AC1EBF25541A}.Debug|Any CPU.Build.0 = Debug|Any CPU
		{50CBAF13-F9CF-445D-9200-AC1EBF25541A}.Release|Any CPU.ActiveCfg = Release|Any CPU
		{50CBAF13-F9CF-445D-9200-AC1EBF25541A}.Release|Any CPU.Build.0 = Release|Any CPU
	EndGlobalSection
	GlobalSection(SolutionProperties) = preSolution
		HideSolutionNode = FALSE
	EndGlobalSection
	GlobalSection(ExtensibilityGlobals) = postSolution
		SolutionGuid = {D285E354-3AFD-41EC-96F3-3A1DA840DB2A}
	EndGlobalSection
EndGlobal
